// !$*UTF8*$!
{
	archiveVersion = 1;
	classes = {
	};
	objectVersion = 46;
	objects = {

/* Begin PBXBuildFile section */
		CFA15BD99C925B033768231B /* libPods-demo.a in Frameworks */ = {isa = PBXBuildFile; fileRef = FDFC8CC7992350694E054D27 /* libPods-demo.a */; };
		EFDA968C1F1CA27100A2B1A8 /* main.m in Sources */ = {isa = PBXBuildFile; fileRef = EFDA968B1F1CA27100A2B1A8 /* main.m */; };
		EFDA968F1F1CA27100A2B1A8 /* AppDelegate.m in Sources */ = {isa = PBXBuildFile; fileRef = EFDA968E1F1CA27100A2B1A8 /* AppDelegate.m */; };
		EFDA96921F1CA27100A2B1A8 /* ViewController.m in Sources */ = {isa = PBXBuildFile; fileRef = EFDA96911F1CA27100A2B1A8 /* ViewController.m */; };
		EFDA96951F1CA27100A2B1A8 /* Main.storyboard in Resources */ = {isa = PBXBuildFile; fileRef = EFDA96931F1CA27100A2B1A8 /* Main.storyboard */; };
		EFDA96971F1CA27100A2B1A8 /* Assets.xcassets in Resources */ = {isa = PBXBuildFile; fileRef = EFDA96961F1CA27100A2B1A8 /* Assets.xcassets */; };
		EFDA969A1F1CA27100A2B1A8 /* LaunchScreen.storyboard in Resources */ = {isa = PBXBuildFile; fileRef = EFDA96981F1CA27100A2B1A8 /* LaunchScreen.storyboard */; };
		EFDA96A81F1CA28F00A2B1A8 /* agree.png in Resources */ = {isa = PBXBuildFile; fileRef = EFDA96A21F1CA28F00A2B1A8 /* agree.png */; };
		EFDA96A91F1CA28F00A2B1A8 /* non_agree.png in Resources */ = {isa = PBXBuildFile; fileRef = EFDA96A31F1CA28F00A2B1A8 /* non_agree.png */; };
		EFDA96AA1F1CA28F00A2B1A8 /* ProtocolLabel.m in Sources */ = {isa = PBXBuildFile; fileRef = EFDA96A51F1CA28F00A2B1A8 /* ProtocolLabel.m */; };
		EFDA96AB1F1CA28F00A2B1A8 /* TTTAttributedLabel.m in Sources */ = {isa = PBXBuildFile; fileRef = EFDA96A71F1CA28F00A2B1A8 /* TTTAttributedLabel.m */; };
/* End PBXBuildFile section */

/* Begin PBXFileReference section */
		1C3FD42089A602BA0472105D /* Pods-demo.debug.xcconfig */ = {isa = PBXFileReference; includeInIndex = 1; lastKnownFileType = text.xcconfig; name = "Pods-demo.debug.xcconfig"; path = "Pods/Target Support Files/Pods-demo/Pods-demo.debug.xcconfig"; sourceTree = "<group>"; };
		4D803B8FDDA1A2F0C740B2C1 /* Pods-demo.release.xcconfig */ = {isa = PBXFileReference; includeInIndex = 1; lastKnownFileType = text.xcconfig; name = "Pods-demo.release.xcconfig"; path = "Pods/Target Support Files/Pods-demo/Pods-demo.release.xcconfig"; sourceTree = "<group>"; };
		EFDA96871F1CA27100A2B1A8 /* demo.app */ = {isa = PBXFileReference; explicitFileType = wrapper.application; includeInIndex = 0; path = demo.app; sourceTree = BUILT_PRODUCTS_DIR; };
		EFDA968B1F1CA27100A2B1A8 /* main.m */ = {isa = PBXFileReference; lastKnownFileType = sourcecode.c.objc; path = main.m; sourceTree = "<group>"; };
		EFDA968D1F1CA27100A2B1A8 /* AppDelegate.h */ = {isa = PBXFileReference; lastKnownFileType = sourcecode.c.h; path = AppDelegate.h; sourceTree = "<group>"; };
		EFDA968E1F1CA27100A2B1A8 /* AppDelegate.m */ = {isa = PBXFileReference; lastKnownFileType = sourcecode.c.objc; path = AppDelegate.m; sourceTree = "<group>"; };
		EFDA96901F1CA27100A2B1A8 /* ViewController.h */ = {isa = PBXFileReference; lastKnownFileType = sourcecode.c.h; path = ViewController.h; sourceTree = "<group>"; };
		EFDA96911F1CA27100A2B1A8 /* ViewController.m */ = {isa = PBXFileReference; lastKnownFileType = sourcecode.c.objc; path = ViewController.m; sourceTree = "<group>"; };
		EFDA96941F1CA27100A2B1A8 /* Base */ = {isa = PBXFileReference; lastKnownFileType = file.storyboard; name = Base; path = Base.lproj/Main.storyboard; sourceTree = "<group>"; };
		EFDA96961F1CA27100A2B1A8 /* Assets.xcassets */ = {isa = PBXFileReference; lastKnownFileType = folder.assetcatalog; path = Assets.xcassets; sourceTree = "<group>"; };
		EFDA96991F1CA27100A2B1A8 /* Base */ = {isa = PBXFileReference; lastKnownFileType = file.storyboard; name = Base; path = Base.lproj/LaunchScreen.storyboard; sourceTree = "<group>"; };
		EFDA969B1F1CA27100A2B1A8 /* Info.plist */ = {isa = PBXFileReference; lastKnownFileType = text.plist.xml; path = Info.plist; sourceTree = "<group>"; };
		EFDA96A21F1CA28F00A2B1A8 /* agree.png */ = {isa = PBXFileReference; lastKnownFileType = image.png; path = agree.png; sourceTree = "<group>"; };
		EFDA96A31F1CA28F00A2B1A8 /* non_agree.png */ = {isa = PBXFileReference; lastKnownFileType = image.png; path = non_agree.png; sourceTree = "<group>"; };
		EFDA96A41F1CA28F00A2B1A8 /* ProtocolLabel.h */ = {isa = PBXFileReference; fileEncoding = 4; lastKnownFileType = sourcecode.c.h; path = ProtocolLabel.h; sourceTree = "<group>"; };
		EFDA96A51F1CA28F00A2B1A8 /* ProtocolLabel.m */ = {isa = PBXFileReference; fileEncoding = 4; lastKnownFileType = sourcecode.c.objc; path = ProtocolLabel.m; sourceTree = "<group>"; };
		EFDA96A61F1CA28F00A2B1A8 /* TTTAttributedLabel.h */ = {isa = PBXFileReference; fileEncoding = 4; lastKnownFileType = sourcecode.c.h; path = TTTAttributedLabel.h; sourceTree = "<group>"; };
		EFDA96A71F1CA28F00A2B1A8 /* TTTAttributedLabel.m */ = {isa = PBXFileReference; fileEncoding = 4; lastKnownFileType = sourcecode.c.objc; path = TTTAttributedLabel.m; sourceTree = "<group>"; };
		FDFC8CC7992350694E054D27 /* libPods-demo.a */ = {isa = PBXFileReference; explicitFileType = archive.ar; includeInIndex = 0; path = "libPods-demo.a"; sourceTree = BUILT_PRODUCTS_DIR; };
/* End PBXFileReference section */

/* Begin PBXFrameworksBuildPhase section */
		EFDA96841F1CA27100A2B1A8 /* Frameworks */ = {
			isa = PBXFrameworksBuildPhase;
			buildActionMask = 2147483647;
			files = (
				CFA15BD99C925B033768231B /* libPods-demo.a in Frameworks */,
			);
			runOnlyForDeploymentPostprocessing = 0;
		};
/* End PBXFrameworksBuildPhase section */

/* Begin PBXGroup section */
		04F68B084D2BB2C56EC0991F /* Frameworks */ = {
			isa = PBXGroup;
			children = (
				FDFC8CC7992350694E054D27 /* libPods-demo.a */,
			);
			name = Frameworks;
			sourceTree = "<group>";
		};
		630292FA48A2392EFB2BA3CA /* Pods */ = {
			isa = PBXGroup;
			children = (
				1C3FD42089A602BA0472105D /* Pods-demo.debug.xcconfig */,
				4D803B8FDDA1A2F0C740B2C1 /* Pods-demo.release.xcconfig */,
			);
			name = Pods;
			sourceTree = "<group>";
		};
		EFDA967E1F1CA27100A2B1A8 = {
			isa = PBXGroup;
			children = (
				EFDA96A11F1CA28F00A2B1A8 /* LNLabel */,
				EFDA96891F1CA27100A2B1A8 /* demo */,
				EFDA96881F1CA27100A2B1A8 /* Products */,
				630292FA48A2392EFB2BA3CA /* Pods */,
				04F68B084D2BB2C56EC0991F /* Frameworks */,
			);
			sourceTree = "<group>";
		};
		EFDA96881F1CA27100A2B1A8 /* Products */ = {
			isa = PBXGroup;
			children = (
				EFDA96871F1CA27100A2B1A8 /* demo.app */,
			);
			name = Products;
			sourceTree = "<group>";
		};
		EFDA96891F1CA27100A2B1A8 /* demo */ = {
			isa = PBXGroup;
			children = (
				EFDA968D1F1CA27100A2B1A8 /* AppDelegate.h */,
				EFDA968E1F1CA27100A2B1A8 /* AppDelegate.m */,
				EFDA96901F1CA27100A2B1A8 /* ViewController.h */,
				EFDA96911F1CA27100A2B1A8 /* ViewController.m */,
				EFDA96931F1CA27100A2B1A8 /* Main.storyboard */,
				EFDA96961F1CA27100A2B1A8 /* Assets.xcassets */,
				EFDA96981F1CA27100A2B1A8 /* LaunchScreen.storyboard */,
				EFDA969B1F1CA27100A2B1A8 /* Info.plist */,
				EFDA968A1F1CA27100A2B1A8 /* Supporting Files */,
			);
			path = demo;
			sourceTree = "<group>";
		};
		EFDA968A1F1CA27100A2B1A8 /* Supporting Files */ = {
			isa = PBXGroup;
			children = (
				EFDA968B1F1CA27100A2B1A8 /* main.m */,
			);
			name = "Supporting Files";
			sourceTree = "<group>";
		};
		EFDA96A11F1CA28F00A2B1A8 /* LNLabel */ = {
			isa = PBXGroup;
			children = (
				EFDA96A21F1CA28F00A2B1A8 /* agree.png */,
				EFDA96A31F1CA28F00A2B1A8 /* non_agree.png */,
				EFDA96A41F1CA28F00A2B1A8 /* ProtocolLabel.h */,
				EFDA96A51F1CA28F00A2B1A8 /* ProtocolLabel.m */,
				EFDA96A61F1CA28F00A2B1A8 /* TTTAttributedLabel.h */,
				EFDA96A71F1CA28F00A2B1A8 /* TTTAttributedLabel.m */,
			);
			path = LNLabel;
			sourceTree = "<group>";
		};
/* End PBXGroup section */

/* Begin PBXNativeTarget section */
		EFDA96861F1CA27100A2B1A8 /* demo */ = {
			isa = PBXNativeTarget;
			buildConfigurationList = EFDA969E1F1CA27100A2B1A8 /* Build configuration list for PBXNativeTarget "demo" */;
			buildPhases = (
				0F36875B3994612C52202585 /* [CP] Check Pods Manifest.lock */,
				EFDA96831F1CA27100A2B1A8 /* Sources */,
				EFDA96841F1CA27100A2B1A8 /* Frameworks */,
				EFDA96851F1CA27100A2B1A8 /* Resources */,
				F7E66F7091D6D06897C09348 /* [CP] Embed Pods Frameworks */,
				931F42832E33C5323F0C6D60 /* [CP] Copy Pods Resources */,
			);
			buildRules = (
			);
			dependencies = (
			);
			name = demo;
			productName = demo;
			productReference = EFDA96871F1CA27100A2B1A8 /* demo.app */;
			productType = "com.apple.product-type.application";
		};
/* End PBXNativeTarget section */

/* Begin PBXProject section */
		EFDA967F1F1CA27100A2B1A8 /* Project object */ = {
			isa = PBXProject;
			attributes = {
				LastUpgradeCheck = 0830;
				ORGANIZATIONNAME = "Lion•Neo";
				TargetAttributes = {
					EFDA96861F1CA27100A2B1A8 = {
						CreatedOnToolsVersion = 8.3.3;
						ProvisioningStyle = Automatic;
					};
				};
			};
			buildConfigurationList = EFDA96821F1CA27100A2B1A8 /* Build configuration list for PBXProject "demo" */;
			compatibilityVersion = "Xcode 3.2";
			developmentRegion = English;
			hasScannedForEncodings = 0;
			knownRegions = (
				en,
				Base,
			);
			mainGroup = EFDA967E1F1CA27100A2B1A8;
			productRefGroup = EFDA96881F1CA27100A2B1A8 /* Products */;
			projectDirPath = "";
			projectRoot = "";
			targets = (
				EFDA96861F1CA27100A2B1A8 /* demo */,
			);
		};
/* End PBXProject section */

/* Begin PBXResourcesBuildPhase section */
		EFDA96851F1CA27100A2B1A8 /* Resources */ = {
			isa = PBXResourcesBuildPhase;
			buildActionMask = 2147483647;
			files = (
				EFDA96A81F1CA28F00A2B1A8 /* agree.png in Resources */,
				EFDA969A1F1CA27100A2B1A8 /* LaunchScreen.storyboard in Resources */,
				EFDA96971F1CA27100A2B1A8 /* Assets.xcassets in Resources */,
				EFDA96951F1CA27100A2B1A8 /* Main.storyboard in Resources */,
				EFDA96A91F1CA28F00A2B1A8 /* non_agree.png in Resources */,
			);
			runOnlyForDeploymentPostprocessing = 0;
		};
/* End PBXResourcesBuildPhase section */

/* Begin PBXShellScriptBuildPhase section */
		0F36875B3994612C52202585 /* [CP] Check Pods Manifest.lock */ = {
			isa = PBXShellScriptBuildPhase;
			buildActionMask = 2147483647;
			files = (
			);
			inputPaths = (
			);
			name = "[CP] Check Pods Manifest.lock";
			outputPaths = (
			);
			runOnlyForDeploymentPostprocessing = 0;
			shellPath = /bin/sh;
			shellScript = "diff \"${PODS_PODFILE_DIR_PATH}/Podfile.lock\" \"${PODS_ROOT}/Manifest.lock\" > /dev/null\nif [ $? != 0 ] ; then\n    # print error to STDERR\n    echo \"error: The sandbox is not in sync with the Podfile.lock. Run 'pod install' or update your CocoaPods installation.\" >&2\n    exit 1\nfi\n";
			showEnvVarsInLog = 0;
		};
		931F42832E33C5323F0C6D60 /* [CP] Copy Pods Resources */ = {
			isa = PBXShellScriptBuildPhase;
			buildActionMask = 2147483647;
			files = (
			);
			inputPaths = (
			);
			name = "[CP] Copy Pods Resources";
			outputPaths = (
			);
			runOnlyForDeploymentPostprocessing = 0;
			shellPath = /bin/sh;
			shellScript = "\"${SRCROOT}/Pods/Target Support Files/Pods-demo/Pods-demo-resources.sh\"\n";
			showEnvVarsInLog = 0;
		};
		F7E66F7091D6D06897C09348 /* [CP] Embed Pods Frameworks */ = {
			isa = PBXShellScriptBuildPhase;
			buildActionMask = 2147483647;
			files = (
			);
			inputPaths = (
			);
			name = "[CP] Embed Pods Frameworks";
			outputPaths = (
			);
			runOnlyForDeploymentPostprocessing = 0;
			shellPath = /bin/sh;
			shellScript = "\"${SRCROOT}/Pods/Target Support Files/Pods-demo/Pods-demo-frameworks.sh\"\n";
			showEnvVarsInLog = 0;
		};
/* End PBXShellScriptBuildPhase section */

/* Begin PBXSourcesBuildPhase section */
		EFDA96831F1CA27100A2B1A8 /* Sources */ = {
			isa = PBXSourcesBuildPhase;
			buildActionMask = 2147483647;
			files = (
				EFDA96AA1F1CA28F00A2B1A8 /* ProtocolLabel.m in Sources */,
				EFDA96921F1CA27100A2B1A8 /* ViewController.m in Sources */,
				EFDA968F1F1CA27100A2B1A8 /* AppDelegate.m in Sources */,
				EFDA968C1F1CA27100A2B1A8 /* main.m in Sources */,
				EFDA96AB1F1CA28F00A2B1A8 /* TTTAttributedLabel.m in Sources */,
			);
			runOnlyForDeploymentPostprocessing = 0;
		};
/* End PBXSourcesBuildPhase section */

/* Begin PBXVariantGroup section */
		EFDA96931F1CA27100A2B1A8 /* Main.storyboard */ = {
			isa = PBXVariantGroup;
			children = (
				EFDA96941F1CA27100A2B1A8 /* Base */,
			);
			name = Main.storyboard;
			sourceTree = "<group>";
		};
		EFDA96981F1CA27100A2B1A8 /* LaunchScreen.storyboard */ = {
			isa = PBXVariantGroup;
			children = (
				EFDA96991F1CA27100A2B1A8 /* Base */,
			);
			name = LaunchScreen.storyboard;
			sourceTree = "<group>";
		};
/* End PBXVariantGroup section */

/* Begin XCBuildConfiguration section */
		EFDA969C1F1CA27100A2B1A8 /* Debug */ = {
			isa = XCBuildConfiguration;
			buildSettings = {
				ALWAYS_SEARCH_USER_PATHS = NO;
				CLANG_ANALYZER_NONNULL = YES;
				CLANG_ANALYZER_NUMBER_OBJECT_CONVERSION = YES_AGGRESSIVE;
				CLANG_CXX_LANGUAGE_STANDARD = "gnu++0x";
				CLANG_CXX_LIBRARY = "libc++";
				CLANG_ENABLE_MODULES = YES;
				CLANG_ENABLE_OBJC_ARC = YES;
				CLANG_WARN_BOOL_CONVERSION = YES;
				CLANG_WARN_CONSTANT_CONVERSION = YES;
				CLANG_WARN_DIRECT_OBJC_ISA_USAGE = YES_ERROR;
				CLANG_WARN_DOCUMENTATION_COMMENTS = YES;
				CLANG_WARN_EMPTY_BODY = YES;
				CLANG_WARN_ENUM_CONVERSION = YES;
				CLANG_WARN_INFINITE_RECURSION = YES;
				CLANG_WARN_INT_CONVERSION = YES;
				CLANG_WARN_OBJC_ROOT_CLASS = YES_ERROR;
				CLANG_WARN_SUSPICIOUS_MOVE = YES;
				CLANG_WARN_UNREACHABLE_CODE = YES;
				CLANG_WARN__DUPLICATE_METHOD_MATCH = YES;
				"CODE_SIGN_IDENTITY[sdk=iphoneos*]" = "iPhone Developer";
				COPY_PHASE_STRIP = NO;
				DEBUG_INFORMATION_FORMAT = dwarf;
				ENABLE_STRICT_OBJC_MSGSEND = YES;
				ENABLE_TESTABILITY = YES;
				GCC_C_LANGUAGE_STANDARD = gnu99;
				GCC_DYNAMIC_NO_PIC = NO;
				GCC_NO_COMMON_BLOCKS = YES;
				GCC_OPTIMIZATION_LEVEL = 0;
				GCC_PREPROCESSOR_DEFINITIONS = (
					"DEBUG=1",
					"$(inherited)",
				);
				GCC_WARN_64_TO_32_BIT_CONVERSION = YES;
				GCC_WARN_ABOUT_RETURN_TYPE = YES_ERROR;
				GCC_WARN_UNDECLARED_SELECTOR = YES;
				GCC_WARN_UNINITIALIZED_AUTOS = YES_AGGRESSIVE;
				GCC_WARN_UNUSED_FUNCTION = YES;
				GCC_WARN_UNUSED_VARIABLE = YES;
				IPHONEOS_DEPLOYMENT_TARGET = 10.3;
				MTL_ENABLE_DEBUG_INFO = YES;
				ONLY_ACTIVE_ARCH = YES;
				SDKROOT = iphoneos;
				TARGETED_DEVICE_FAMILY = "1,2";
			};
			name = Debug;
		};
		EFDA969D1F1CA27100A2B1A8 /* Release */ = {
			isa = XCBuildConfiguration;
			buildSettings = {
				ALWAYS_SEARCH_USER_PATHS = NO;
				CLANG_ANALYZER_NONNULL = YES;
				CLANG_ANALYZER_NUMBER_OBJECT_CONVERSION = YES_AGGRESSIVE;
				CLANG_CXX_LANGUAGE_STANDARD = "gnu++0x";
				CLANG_CXX_LIBRARY = "libc++";
				CLANG_ENABLE_MODULES = YES;
				CLANG_ENABLE_OBJC_ARC = YES;
				CLANG_WARN_BOOL_CONVERSION = YES;
				CLANG_WARN_CONSTANT_CONVERSION = YES;
				CLANG_WARN_DIRECT_OBJC_ISA_USAGE = YES_ERROR;
				CLANG_WARN_DOCUMENTATION_COMMENTS = YES;
				CLANG_WARN_EMPTY_BODY = YES;
				CLANG_WARN_ENUM_CONVERSION = YES;
				CLANG_WARN_INFINITE_RECURSION = YES;
				CLANG_WARN_INT_CONVERSION = YES;
				CLANG_WARN_OBJC_ROOT_CLASS = YES_ERROR;
				CLANG_WARN_SUSPICIOUS_MOVE = YES;
				CLANG_WARN_UNREACHABLE_CODE = YES;
				CLANG_WARN__DUPLICATE_METHOD_MATCH = YES;
				"CODE_SIGN_IDENTITY[sdk=iphoneos*]" = "iPhone Developer";
				COPY_PHASE_STRIP = NO;
				DEBUG_INFORMATION_FORMAT = "dwarf-with-dsym";
				ENABLE_NS_ASSERTIONS = NO;
				ENABLE_STRICT_OBJC_MSGSEND = YES;
				GCC_C_LANGUAGE_STANDARD = gnu99;
				GCC_NO_COMMON_BLOCKS = YES;
				GCC_WARN_64_TO_32_BIT_CONVERSION = YES;
				GCC_WARN_ABOUT_RETURN_TYPE = YES_ERROR;
				GCC_WARN_UNDECLARED_SELECTOR = YES;
				GCC_WARN_UNINITIALIZED_AUTOS = YES_AGGRESSIVE;
				GCC_WARN_UNUSED_FUNCTION = YES;
				GCC_WARN_UNUSED_VARIABLE = YES;
				IPHONEOS_DEPLOYMENT_TARGET = 10.3;
				MTL_ENABLE_DEBUG_INFO = NO;
				SDKROOT = iphoneos;
				TARGETED_DEVICE_FAMILY = "1,2";
				VALIDATE_PRODUCT = YES;
			};
			name = Release;
		};
		EFDA969F1F1CA27100A2B1A8 /* Debug */ = {
			isa = XCBuildConfiguration;
			baseConfigurationReference = 1C3FD42089A602BA0472105D /* Pods-demo.debug.xcconfig */;
			buildSettings = {
				ASSETCATALOG_COMPILER_APPICON_NAME = AppIcon;
				INFOPLIST_FILE = demo/Info.plist;
				LD_RUNPATH_SEARCH_PATHS = "$(inherited) @executable_path/Frameworks";
				PRODUCT_BUNDLE_IDENTIFIER = com.LionNeo.www.demo;
				PRODUCT_NAME = "$(TARGET_NAME)";
			};
			name = Debug;
		};
		EFDA96A01F1CA27100A2B1A8 /* Release */ = {
			isa = XCBuildConfiguration;
			baseConfigurationReference = 4D803B8FDDA1A2F0C740B2C1 /* Pods-demo.release.xcconfig */;
			buildSettings = {
				ASSETCATALOG_COMPILER_APPICON_NAME = AppIcon;
				INFOPLIST_FILE = demo/Info.plist;
				LD_RUNPATH_SEARCH_PATHS = "$(inherited) @executable_path/Frameworks";
				PRODUCT_BUNDLE_IDENTIFIER = com.LionNeo.www.demo;
				PRODUCT_NAME = "$(TARGET_NAME)";
			};
			name = Release;
		};
/* End XCBuildConfiguration section */

/* Begin XCConfigurationList section */
		EFDA96821F1CA27100A2B1A8 /* Build configuration list for PBXProject "demo" */ = {
			isa = XCConfigurationList;
			buildConfigurations = (
				EFDA969C1F1CA27100A2B1A8 /* Debug */,
				EFDA969D1F1CA27100A2B1A8 /* Release */,
			);
			defaultConfigurationIsVisible = 0;
			defaultConfigurationName = Release;
		};
		EFDA969E1F1CA27100A2B1A8 /* Build configuration list for PBXNativeTarget "demo" */ = {
			isa = XCConfigurationList;
			buildConfigurations = (
				EFDA969F1F1CA27100A2B1A8 /* Debug */,
				EFDA96A01F1CA27100A2B1A8 /* Release */,
			);
			defaultConfigurationIsVisible = 0;
		};
/* End XCConfigurationList section */
	};
	rootObject = EFDA967F1F1CA27100A2B1A8 /* Project object */;
}
