// !$*UTF8*$!
{
	archiveVersion = 1;
	classes = {
	};
	objectVersion = 46;
	objects = {

/* Begin PBXBuildFile section */
		EFC7BE701F1CCC8D0002DC1A /* main.m in Sources */ = {isa = PBXBuildFile; fileRef = EFC7BE6F1F1CCC8D0002DC1A /* main.m */; };
		EFC7BE731F1CCC8D0002DC1A /* AppDelegate.m in Sources */ = {isa = PBXBuildFile; fileRef = EFC7BE721F1CCC8D0002DC1A /* AppDelegate.m */; };
		EFC7BE761F1CCC8D0002DC1A /* ViewController.m in Sources */ = {isa = PBXBuildFile; fileRef = EFC7BE751F1CCC8D0002DC1A /* ViewController.m */; };
		EFC7BE791F1CCC8D0002DC1A /* Main.storyboard in Resources */ = {isa = PBXBuildFile; fileRef = EFC7BE771F1CCC8D0002DC1A /* Main.storyboard */; };
		EFC7BE7B1F1CCC8D0002DC1A /* Assets.xcassets in Resources */ = {isa = PBXBuildFile; fileRef = EFC7BE7A1F1CCC8D0002DC1A /* Assets.xcassets */; };
		EFC7BE7E1F1CCC8D0002DC1A /* LaunchScreen.storyboard in Resources */ = {isa = PBXBuildFile; fileRef = EFC7BE7C1F1CCC8D0002DC1A /* LaunchScreen.storyboard */; };
		EFC7BEA21F1CCC990002DC1A /* LICENSE in Resources */ = {isa = PBXBuildFile; fileRef = EFC7BE861F1CCC990002DC1A /* LICENSE */; };
		EFC7BEA31F1CCC990002DC1A /* MASCompositeConstraint.m in Sources */ = {isa = PBXBuildFile; fileRef = EFC7BE891F1CCC990002DC1A /* MASCompositeConstraint.m */; };
		EFC7BEA41F1CCC990002DC1A /* MASConstraint.m in Sources */ = {isa = PBXBuildFile; fileRef = EFC7BE8C1F1CCC990002DC1A /* MASConstraint.m */; };
		EFC7BEA51F1CCC990002DC1A /* MASConstraintMaker.m in Sources */ = {isa = PBXBuildFile; fileRef = EFC7BE8E1F1CCC990002DC1A /* MASConstraintMaker.m */; };
		EFC7BEA61F1CCC990002DC1A /* MASLayoutConstraint.m in Sources */ = {isa = PBXBuildFile; fileRef = EFC7BE901F1CCC990002DC1A /* MASLayoutConstraint.m */; };
		EFC7BEA71F1CCC990002DC1A /* MASViewAttribute.m in Sources */ = {isa = PBXBuildFile; fileRef = EFC7BE941F1CCC990002DC1A /* MASViewAttribute.m */; };
		EFC7BEA81F1CCC990002DC1A /* MASViewConstraint.m in Sources */ = {isa = PBXBuildFile; fileRef = EFC7BE961F1CCC990002DC1A /* MASViewConstraint.m */; };
		EFC7BEA91F1CCC990002DC1A /* NSArray+MASAdditions.m in Sources */ = {isa = PBXBuildFile; fileRef = EFC7BE981F1CCC990002DC1A /* NSArray+MASAdditions.m */; };
		EFC7BEAA1F1CCC990002DC1A /* NSLayoutConstraint+MASDebugAdditions.m in Sources */ = {isa = PBXBuildFile; fileRef = EFC7BE9B1F1CCC990002DC1A /* NSLayoutConstraint+MASDebugAdditions.m */; };
		EFC7BEAB1F1CCC990002DC1A /* View+MASAdditions.m in Sources */ = {isa = PBXBuildFile; fileRef = EFC7BE9D1F1CCC990002DC1A /* View+MASAdditions.m */; };
		EFC7BEAC1F1CCC990002DC1A /* ViewController+MASAdditions.m in Sources */ = {isa = PBXBuildFile; fileRef = EFC7BEA01F1CCC990002DC1A /* ViewController+MASAdditions.m */; };
		EFC7BEAD1F1CCC990002DC1A /* README.md in Sources */ = {isa = PBXBuildFile; fileRef = EFC7BEA11F1CCC990002DC1A /* README.md */; };
		EFC7BEB01F1CCCA80002DC1A /* TTTAttributedLabel.m in Sources */ = {isa = PBXBuildFile; fileRef = EFC7BEAF1F1CCCA80002DC1A /* TTTAttributedLabel.m */; };
		EFC7BEB61F1CCCB20002DC1A /* agree.png in Resources */ = {isa = PBXBuildFile; fileRef = EFC7BEB21F1CCCB20002DC1A /* agree.png */; };
		EFC7BEB71F1CCCB20002DC1A /* non_agree.png in Resources */ = {isa = PBXBuildFile; fileRef = EFC7BEB31F1CCCB20002DC1A /* non_agree.png */; };
		EFC7BEB81F1CCCB20002DC1A /* ProtocolLabel.m in Sources */ = {isa = PBXBuildFile; fileRef = EFC7BEB51F1CCCB20002DC1A /* ProtocolLabel.m */; };
/* End PBXBuildFile section */

/* Begin PBXFileReference section */
		EFC7BE6B1F1CCC8D0002DC1A /* Demo.app */ = {isa = PBXFileReference; explicitFileType = wrapper.application; includeInIndex = 0; path = Demo.app; sourceTree = BUILT_PRODUCTS_DIR; };
		EFC7BE6F1F1CCC8D0002DC1A /* main.m */ = {isa = PBXFileReference; lastKnownFileType = sourcecode.c.objc; path = main.m; sourceTree = "<group>"; };
		EFC7BE711F1CCC8D0002DC1A /* AppDelegate.h */ = {isa = PBXFileReference; lastKnownFileType = sourcecode.c.h; path = AppDelegate.h; sourceTree = "<group>"; };
		EFC7BE721F1CCC8D0002DC1A /* AppDelegate.m */ = {isa = PBXFileReference; lastKnownFileType = sourcecode.c.objc; path = AppDelegate.m; sourceTree = "<group>"; };
		EFC7BE741F1CCC8D0002DC1A /* ViewController.h */ = {isa = PBXFileReference; lastKnownFileType = sourcecode.c.h; path = ViewController.h; sourceTree = "<group>"; };
		EFC7BE751F1CCC8D0002DC1A /* ViewController.m */ = {isa = PBXFileReference; lastKnownFileType = sourcecode.c.objc; path = ViewController.m; sourceTree = "<group>"; };
		EFC7BE781F1CCC8D0002DC1A /* Base */ = {isa = PBXFileReference; lastKnownFileType = file.storyboard; name = Base; path = Base.lproj/Main.storyboard; sourceTree = "<group>"; };
		EFC7BE7A1F1CCC8D0002DC1A /* Assets.xcassets */ = {isa = PBXFileReference; lastKnownFileType = folder.assetcatalog; path = Assets.xcassets; sourceTree = "<group>"; };
		EFC7BE7D1F1CCC8D0002DC1A /* Base */ = {isa = PBXFileReference; lastKnownFileType = file.storyboard; name = Base; path = Base.lproj/LaunchScreen.storyboard; sourceTree = "<group>"; };
		EFC7BE7F1F1CCC8D0002DC1A /* Info.plist */ = {isa = PBXFileReference; lastKnownFileType = text.plist.xml; path = Info.plist; sourceTree = "<group>"; };
		EFC7BE861F1CCC990002DC1A /* LICENSE */ = {isa = PBXFileReference; fileEncoding = 4; lastKnownFileType = text; path = LICENSE; sourceTree = "<group>"; };
		EFC7BE881F1CCC990002DC1A /* MASCompositeConstraint.h */ = {isa = PBXFileReference; fileEncoding = 4; lastKnownFileType = sourcecode.c.h; path = MASCompositeConstraint.h; sourceTree = "<group>"; };
		EFC7BE891F1CCC990002DC1A /* MASCompositeConstraint.m */ = {isa = PBXFileReference; fileEncoding = 4; lastKnownFileType = sourcecode.c.objc; path = MASCompositeConstraint.m; sourceTree = "<group>"; };
		EFC7BE8A1F1CCC990002DC1A /* MASConstraint+Private.h */ = {isa = PBXFileReference; fileEncoding = 4; lastKnownFileType = sourcecode.c.h; path = "MASConstraint+Private.h"; sourceTree = "<group>"; };
		EFC7BE8B1F1CCC990002DC1A /* MASConstraint.h */ = {isa = PBXFileReference; fileEncoding = 4; lastKnownFileType = sourcecode.c.h; path = MASConstraint.h; sourceTree = "<group>"; };
		EFC7BE8C1F1CCC990002DC1A /* MASConstraint.m */ = {isa = PBXFileReference; fileEncoding = 4; lastKnownFileType = sourcecode.c.objc; path = MASConstraint.m; sourceTree = "<group>"; };
		EFC7BE8D1F1CCC990002DC1A /* MASConstraintMaker.h */ = {isa = PBXFileReference; fileEncoding = 4; lastKnownFileType = sourcecode.c.h; path = MASConstraintMaker.h; sourceTree = "<group>"; };
		EFC7BE8E1F1CCC990002DC1A /* MASConstraintMaker.m */ = {isa = PBXFileReference; fileEncoding = 4; lastKnownFileType = sourcecode.c.objc; path = MASConstraintMaker.m; sourceTree = "<group>"; };
		EFC7BE8F1F1CCC990002DC1A /* MASLayoutConstraint.h */ = {isa = PBXFileReference; fileEncoding = 4; lastKnownFileType = sourcecode.c.h; path = MASLayoutConstraint.h; sourceTree = "<group>"; };
		EFC7BE901F1CCC990002DC1A /* MASLayoutConstraint.m */ = {isa = PBXFileReference; fileEncoding = 4; lastKnownFileType = sourcecode.c.objc; path = MASLayoutConstraint.m; sourceTree = "<group>"; };
		EFC7BE911F1CCC990002DC1A /* Masonry.h */ = {isa = PBXFileReference; fileEncoding = 4; lastKnownFileType = sourcecode.c.h; path = Masonry.h; sourceTree = "<group>"; };
		EFC7BE921F1CCC990002DC1A /* MASUtilities.h */ = {isa = PBXFileReference; fileEncoding = 4; lastKnownFileType = sourcecode.c.h; path = MASUtilities.h; sourceTree = "<group>"; };
		EFC7BE931F1CCC990002DC1A /* MASViewAttribute.h */ = {isa = PBXFileReference; fileEncoding = 4; lastKnownFileType = sourcecode.c.h; path = MASViewAttribute.h; sourceTree = "<group>"; };
		EFC7BE941F1CCC990002DC1A /* MASViewAttribute.m */ = {isa = PBXFileReference; fileEncoding = 4; lastKnownFileType = sourcecode.c.objc; path = MASViewAttribute.m; sourceTree = "<group>"; };
		EFC7BE951F1CCC990002DC1A /* MASViewConstraint.h */ = {isa = PBXFileReference; fileEncoding = 4; lastKnownFileType = sourcecode.c.h; path = MASViewConstraint.h; sourceTree = "<group>"; };
		EFC7BE961F1CCC990002DC1A /* MASViewConstraint.m */ = {isa = PBXFileReference; fileEncoding = 4; lastKnownFileType = sourcecode.c.objc; path = MASViewConstraint.m; sourceTree = "<group>"; };
		EFC7BE971F1CCC990002DC1A /* NSArray+MASAdditions.h */ = {isa = PBXFileReference; fileEncoding = 4; lastKnownFileType = sourcecode.c.h; path = "NSArray+MASAdditions.h"; sourceTree = "<group>"; };
		EFC7BE981F1CCC990002DC1A /* NSArray+MASAdditions.m */ = {isa = PBXFileReference; fileEncoding = 4; lastKnownFileType = sourcecode.c.objc; path = "NSArray+MASAdditions.m"; sourceTree = "<group>"; };
		EFC7BE991F1CCC990002DC1A /* NSArray+MASShorthandAdditions.h */ = {isa = PBXFileReference; fileEncoding = 4; lastKnownFileType = sourcecode.c.h; path = "NSArray+MASShorthandAdditions.h"; sourceTree = "<group>"; };
		EFC7BE9A1F1CCC990002DC1A /* NSLayoutConstraint+MASDebugAdditions.h */ = {isa = PBXFileReference; fileEncoding = 4; lastKnownFileType = sourcecode.c.h; path = "NSLayoutConstraint+MASDebugAdditions.h"; sourceTree = "<group>"; };
		EFC7BE9B1F1CCC990002DC1A /* NSLayoutConstraint+MASDebugAdditions.m */ = {isa = PBXFileReference; fileEncoding = 4; lastKnownFileType = sourcecode.c.objc; path = "NSLayoutConstraint+MASDebugAdditions.m"; sourceTree = "<group>"; };
		EFC7BE9C1F1CCC990002DC1A /* View+MASAdditions.h */ = {isa = PBXFileReference; fileEncoding = 4; lastKnownFileType = sourcecode.c.h; path = "View+MASAdditions.h"; sourceTree = "<group>"; };
		EFC7BE9D1F1CCC990002DC1A /* View+MASAdditions.m */ = {isa = PBXFileReference; fileEncoding = 4; lastKnownFileType = sourcecode.c.objc; path = "View+MASAdditions.m"; sourceTree = "<group>"; };
		EFC7BE9E1F1CCC990002DC1A /* View+MASShorthandAdditions.h */ = {isa = PBXFileReference; fileEncoding = 4; lastKnownFileType = sourcecode.c.h; path = "View+MASShorthandAdditions.h"; sourceTree = "<group>"; };
		EFC7BE9F1F1CCC990002DC1A /* ViewController+MASAdditions.h */ = {isa = PBXFileReference; fileEncoding = 4; lastKnownFileType = sourcecode.c.h; path = "ViewController+MASAdditions.h"; sourceTree = "<group>"; };
		EFC7BEA01F1CCC990002DC1A /* ViewController+MASAdditions.m */ = {isa = PBXFileReference; fileEncoding = 4; lastKnownFileType = sourcecode.c.objc; path = "ViewController+MASAdditions.m"; sourceTree = "<group>"; };
		EFC7BEA11F1CCC990002DC1A /* README.md */ = {isa = PBXFileReference; fileEncoding = 4; lastKnownFileType = net.daringfireball.markdown; path = README.md; sourceTree = "<group>"; };
		EFC7BEAE1F1CCCA80002DC1A /* TTTAttributedLabel.h */ = {isa = PBXFileReference; fileEncoding = 4; lastKnownFileType = sourcecode.c.h; path = TTTAttributedLabel.h; sourceTree = "<group>"; };
		EFC7BEAF1F1CCCA80002DC1A /* TTTAttributedLabel.m */ = {isa = PBXFileReference; fileEncoding = 4; lastKnownFileType = sourcecode.c.objc; path = TTTAttributedLabel.m; sourceTree = "<group>"; };
		EFC7BEB21F1CCCB20002DC1A /* agree.png */ = {isa = PBXFileReference; lastKnownFileType = image.png; path = agree.png; sourceTree = "<group>"; };
		EFC7BEB31F1CCCB20002DC1A /* non_agree.png */ = {isa = PBXFileReference; lastKnownFileType = image.png; path = non_agree.png; sourceTree = "<group>"; };
		EFC7BEB41F1CCCB20002DC1A /* ProtocolLabel.h */ = {isa = PBXFileReference; fileEncoding = 4; lastKnownFileType = sourcecode.c.h; path = ProtocolLabel.h; sourceTree = "<group>"; };
		EFC7BEB51F1CCCB20002DC1A /* ProtocolLabel.m */ = {isa = PBXFileReference; fileEncoding = 4; lastKnownFileType = sourcecode.c.objc; path = ProtocolLabel.m; sourceTree = "<group>"; };
/* End PBXFileReference section */

/* Begin PBXFrameworksBuildPhase section */
		EFC7BE681F1CCC8D0002DC1A /* Frameworks */ = {
			isa = PBXFrameworksBuildPhase;
			buildActionMask = 2147483647;
			files = (
			);
			runOnlyForDeploymentPostprocessing = 0;
		};
/* End PBXFrameworksBuildPhase section */

/* Begin PBXGroup section */
		EFC7BE621F1CCC8D0002DC1A = {
			isa = PBXGroup;
			children = (
				EFC7BEB11F1CCCB20002DC1A /* LNLabel */,
				EFC7BE851F1CCC990002DC1A /* Masonry */,
				EFC7BE6D1F1CCC8D0002DC1A /* Demo */,
				EFC7BE6C1F1CCC8D0002DC1A /* Products */,
			);
			sourceTree = "<group>";
		};
		EFC7BE6C1F1CCC8D0002DC1A /* Products */ = {
			isa = PBXGroup;
			children = (
				EFC7BE6B1F1CCC8D0002DC1A /* Demo.app */,
			);
			name = Products;
			sourceTree = "<group>";
		};
		EFC7BE6D1F1CCC8D0002DC1A /* Demo */ = {
			isa = PBXGroup;
			children = (
				EFC7BEAE1F1CCCA80002DC1A /* TTTAttributedLabel.h */,
				EFC7BEAF1F1CCCA80002DC1A /* TTTAttributedLabel.m */,
				EFC7BE711F1CCC8D0002DC1A /* AppDelegate.h */,
				EFC7BE721F1CCC8D0002DC1A /* AppDelegate.m */,
				EFC7BE741F1CCC8D0002DC1A /* ViewController.h */,
				EFC7BE751F1CCC8D0002DC1A /* ViewController.m */,
				EFC7BE771F1CCC8D0002DC1A /* Main.storyboard */,
				EFC7BE7A1F1CCC8D0002DC1A /* Assets.xcassets */,
				EFC7BE7C1F1CCC8D0002DC1A /* LaunchScreen.storyboard */,
				EFC7BE7F1F1CCC8D0002DC1A /* Info.plist */,
				EFC7BE6E1F1CCC8D0002DC1A /* Supporting Files */,
			);
			path = Demo;
			sourceTree = "<group>";
		};
		EFC7BE6E1F1CCC8D0002DC1A /* Supporting Files */ = {
			isa = PBXGroup;
			children = (
				EFC7BE6F1F1CCC8D0002DC1A /* main.m */,
			);
			name = "Supporting Files";
			sourceTree = "<group>";
		};
		EFC7BE851F1CCC990002DC1A /* Masonry */ = {
			isa = PBXGroup;
			children = (
				EFC7BE861F1CCC990002DC1A /* LICENSE */,
				EFC7BE871F1CCC990002DC1A /* Masonry */,
				EFC7BEA11F1CCC990002DC1A /* README.md */,
			);
			path = Masonry;
			sourceTree = "<group>";
		};
		EFC7BE871F1CCC990002DC1A /* Masonry */ = {
			isa = PBXGroup;
			children = (
				EFC7BE881F1CCC990002DC1A /* MASCompositeConstraint.h */,
				EFC7BE891F1CCC990002DC1A /* MASCompositeConstraint.m */,
				EFC7BE8A1F1CCC990002DC1A /* MASConstraint+Private.h */,
				EFC7BE8B1F1CCC990002DC1A /* MASConstraint.h */,
				EFC7BE8C1F1CCC990002DC1A /* MASConstraint.m */,
				EFC7BE8D1F1CCC990002DC1A /* MASConstraintMaker.h */,
				EFC7BE8E1F1CCC990002DC1A /* MASConstraintMaker.m */,
				EFC7BE8F1F1CCC990002DC1A /* MASLayoutConstraint.h */,
				EFC7BE901F1CCC990002DC1A /* MASLayoutConstraint.m */,
				EFC7BE911F1CCC990002DC1A /* Masonry.h */,
				EFC7BE921F1CCC990002DC1A /* MASUtilities.h */,
				EFC7BE931F1CCC990002DC1A /* MASViewAttribute.h */,
				EFC7BE941F1CCC990002DC1A /* MASViewAttribute.m */,
				EFC7BE951F1CCC990002DC1A /* MASViewConstraint.h */,
				EFC7BE961F1CCC990002DC1A /* MASViewConstraint.m */,
				EFC7BE971F1CCC990002DC1A /* NSArray+MASAdditions.h */,
				EFC7BE981F1CCC990002DC1A /* NSArray+MASAdditions.m */,
				EFC7BE991F1CCC990002DC1A /* NSArray+MASShorthandAdditions.h */,
				EFC7BE9A1F1CCC990002DC1A /* NSLayoutConstraint+MASDebugAdditions.h */,
				EFC7BE9B1F1CCC990002DC1A /* NSLayoutConstraint+MASDebugAdditions.m */,
				EFC7BE9C1F1CCC990002DC1A /* View+MASAdditions.h */,
				EFC7BE9D1F1CCC990002DC1A /* View+MASAdditions.m */,
				EFC7BE9E1F1CCC990002DC1A /* View+MASShorthandAdditions.h */,
				EFC7BE9F1F1CCC990002DC1A /* ViewController+MASAdditions.h */,
				EFC7BEA01F1CCC990002DC1A /* ViewController+MASAdditions.m */,
			);
			path = Masonry;
			sourceTree = "<group>";
		};
		EFC7BEB11F1CCCB20002DC1A /* LNLabel */ = {
			isa = PBXGroup;
			children = (
				EFC7BEB21F1CCCB20002DC1A /* agree.png */,
				EFC7BEB31F1CCCB20002DC1A /* non_agree.png */,
				EFC7BEB41F1CCCB20002DC1A /* ProtocolLabel.h */,
				EFC7BEB51F1CCCB20002DC1A /* ProtocolLabel.m */,
			);
			path = LNLabel;
			sourceTree = "<group>";
		};
/* End PBXGroup section */

/* Begin PBXNativeTarget section */
		EFC7BE6A1F1CCC8D0002DC1A /* Demo */ = {
			isa = PBXNativeTarget;
			buildConfigurationList = EFC7BE821F1CCC8D0002DC1A /* Build configuration list for PBXNativeTarget "Demo" */;
			buildPhases = (
				EFC7BE671F1CCC8D0002DC1A /* Sources */,
				EFC7BE681F1CCC8D0002DC1A /* Frameworks */,
				EFC7BE691F1CCC8D0002DC1A /* Resources */,
			);
			buildRules = (
			);
			dependencies = (
			);
			name = Demo;
			productName = Demo;
			productReference = EFC7BE6B1F1CCC8D0002DC1A /* Demo.app */;
			productType = "com.apple.product-type.application";
		};
/* End PBXNativeTarget section */

/* Begin PBXProject section */
		EFC7BE631F1CCC8D0002DC1A /* Project object */ = {
			isa = PBXProject;
			attributes = {
				LastUpgradeCheck = 0830;
				ORGANIZATIONNAME = "Lion•Neo";
				TargetAttributes = {
					EFC7BE6A1F1CCC8D0002DC1A = {
						CreatedOnToolsVersion = 8.3.3;
						ProvisioningStyle = Automatic;
					};
				};
			};
			buildConfigurationList = EFC7BE661F1CCC8D0002DC1A /* Build configuration list for PBXProject "Demo" */;
			compatibilityVersion = "Xcode 3.2";
			developmentRegion = English;
			hasScannedForEncodings = 0;
			knownRegions = (
				en,
				Base,
			);
			mainGroup = EFC7BE621F1CCC8D0002DC1A;
			productRefGroup = EFC7BE6C1F1CCC8D0002DC1A /* Products */;
			projectDirPath = "";
			projectRoot = "";
			targets = (
				EFC7BE6A1F1CCC8D0002DC1A /* Demo */,
			);
		};
/* End PBXProject section */

/* Begin PBXResourcesBuildPhase section */
		EFC7BE691F1CCC8D0002DC1A /* Resources */ = {
			isa = PBXResourcesBuildPhase;
			buildActionMask = 2147483647;
			files = (
				EFC7BEB71F1CCCB20002DC1A /* non_agree.png in Resources */,
				EFC7BEB61F1CCCB20002DC1A /* agree.png in Resources */,
				EFC7BE7E1F1CCC8D0002DC1A /* LaunchScreen.storyboard in Resources */,
				EFC7BE7B1F1CCC8D0002DC1A /* Assets.xcassets in Resources */,
				EFC7BEA21F1CCC990002DC1A /* LICENSE in Resources */,
				EFC7BE791F1CCC8D0002DC1A /* Main.storyboard in Resources */,
			);
			runOnlyForDeploymentPostprocessing = 0;
		};
/* End PBXResourcesBuildPhase section */

/* Begin PBXSourcesBuildPhase section */
		EFC7BE671F1CCC8D0002DC1A /* Sources */ = {
			isa = PBXSourcesBuildPhase;
			buildActionMask = 2147483647;
			files = (
				EFC7BEAA1F1CCC990002DC1A /* NSLayoutConstraint+MASDebugAdditions.m in Sources */,
				EFC7BEA81F1CCC990002DC1A /* MASViewConstraint.m in Sources */,
				EFC7BEA31F1CCC990002DC1A /* MASCompositeConstraint.m in Sources */,
				EFC7BEA91F1CCC990002DC1A /* NSArray+MASAdditions.m in Sources */,
				EFC7BE761F1CCC8D0002DC1A /* ViewController.m in Sources */,
				EFC7BE731F1CCC8D0002DC1A /* AppDelegate.m in Sources */,
				EFC7BEA61F1CCC990002DC1A /* MASLayoutConstraint.m in Sources */,
				EFC7BE701F1CCC8D0002DC1A /* main.m in Sources */,
				EFC7BEAC1F1CCC990002DC1A /* ViewController+MASAdditions.m in Sources */,
				EFC7BEAB1F1CCC990002DC1A /* View+MASAdditions.m in Sources */,
				EFC7BEAD1F1CCC990002DC1A /* README.md in Sources */,
				EFC7BEA71F1CCC990002DC1A /* MASViewAttribute.m in Sources */,
				EFC7BEB81F1CCCB20002DC1A /* ProtocolLabel.m in Sources */,
				EFC7BEA41F1CCC990002DC1A /* MASConstraint.m in Sources */,
				EFC7BEA51F1CCC990002DC1A /* MASConstraintMaker.m in Sources */,
				EFC7BEB01F1CCCA80002DC1A /* TTTAttributedLabel.m in Sources */,
			);
			runOnlyForDeploymentPostprocessing = 0;
		};
/* End PBXSourcesBuildPhase section */

/* Begin PBXVariantGroup section */
		EFC7BE771F1CCC8D0002DC1A /* Main.storyboard */ = {
			isa = PBXVariantGroup;
			children = (
				EFC7BE781F1CCC8D0002DC1A /* Base */,
			);
			name = Main.storyboard;
			sourceTree = "<group>";
		};
		EFC7BE7C1F1CCC8D0002DC1A /* LaunchScreen.storyboard */ = {
			isa = PBXVariantGroup;
			children = (
				EFC7BE7D1F1CCC8D0002DC1A /* Base */,
			);
			name = LaunchScreen.storyboard;
			sourceTree = "<group>";
		};
/* End PBXVariantGroup section */

/* Begin XCBuildConfiguration section */
		EFC7BE801F1CCC8D0002DC1A /* Debug */ = {
			isa = XCBuildConfiguration;
			buildSettings = {
				ALWAYS_SEARCH_USER_PATHS = NO;
				CLANG_ANALYZER_NONNULL = YES;
				CLANG_ANALYZER_NUMBER_OBJECT_CONVERSION = YES_AGGRESSIVE;
				CLANG_CXX_LANGUAGE_STANDARD = "gnu++0x";
				CLANG_CXX_LIBRARY = "libc++";
				CLANG_ENABLE_MODULES = YES;
				CLANG_ENABLE_OBJC_ARC = YES;
				CLANG_WARN_BOOL_CONVERSION = YES;
				CLANG_WARN_CONSTANT_CONVERSION = YES;
				CLANG_WARN_DIRECT_OBJC_ISA_USAGE = YES_ERROR;
				CLANG_WARN_DOCUMENTATION_COMMENTS = YES;
				CLANG_WARN_EMPTY_BODY = YES;
				CLANG_WARN_ENUM_CONVERSION = YES;
				CLANG_WARN_INFINITE_RECURSION = YES;
				CLANG_WARN_INT_CONVERSION = YES;
				CLANG_WARN_OBJC_ROOT_CLASS = YES_ERROR;
				CLANG_WARN_SUSPICIOUS_MOVE = YES;
				CLANG_WARN_UNREACHABLE_CODE = YES;
				CLANG_WARN__DUPLICATE_METHOD_MATCH = YES;
				"CODE_SIGN_IDENTITY[sdk=iphoneos*]" = "iPhone Developer";
				COPY_PHASE_STRIP = NO;
				DEBUG_INFORMATION_FORMAT = dwarf;
				ENABLE_STRICT_OBJC_MSGSEND = YES;
				ENABLE_TESTABILITY = YES;
				GCC_C_LANGUAGE_STANDARD = gnu99;
				GCC_DYNAMIC_NO_PIC = NO;
				GCC_NO_COMMON_BLOCKS = YES;
				GCC_OPTIMIZATION_LEVEL = 0;
				GCC_PREPROCESSOR_DEFINITIONS = (
					"DEBUG=1",
					"$(inherited)",
				);
				GCC_WARN_64_TO_32_BIT_CONVERSION = YES;
				GCC_WARN_ABOUT_RETURN_TYPE = YES_ERROR;
				GCC_WARN_UNDECLARED_SELECTOR = YES;
				GCC_WARN_UNINITIALIZED_AUTOS = YES_AGGRESSIVE;
				GCC_WARN_UNUSED_FUNCTION = YES;
				GCC_WARN_UNUSED_VARIABLE = YES;
				IPHONEOS_DEPLOYMENT_TARGET = 10.3;
				MTL_ENABLE_DEBUG_INFO = YES;
				ONLY_ACTIVE_ARCH = YES;
				SDKROOT = iphoneos;
				TARGETED_DEVICE_FAMILY = "1,2";
			};
			name = Debug;
		};
		EFC7BE811F1CCC8D0002DC1A /* Release */ = {
			isa = XCBuildConfiguration;
			buildSettings = {
				ALWAYS_SEARCH_USER_PATHS = NO;
				CLANG_ANALYZER_NONNULL = YES;
				CLANG_ANALYZER_NUMBER_OBJECT_CONVERSION = YES_AGGRESSIVE;
				CLANG_CXX_LANGUAGE_STANDARD = "gnu++0x";
				CLANG_CXX_LIBRARY = "libc++";
				CLANG_ENABLE_MODULES = YES;
				CLANG_ENABLE_OBJC_ARC = YES;
				CLANG_WARN_BOOL_CONVERSION = YES;
				CLANG_WARN_CONSTANT_CONVERSION = YES;
				CLANG_WARN_DIRECT_OBJC_ISA_USAGE = YES_ERROR;
				CLANG_WARN_DOCUMENTATION_COMMENTS = YES;
				CLANG_WARN_EMPTY_BODY = YES;
				CLANG_WARN_ENUM_CONVERSION = YES;
				CLANG_WARN_INFINITE_RECURSION = YES;
				CLANG_WARN_INT_CONVERSION = YES;
				CLANG_WARN_OBJC_ROOT_CLASS = YES_ERROR;
				CLANG_WARN_SUSPICIOUS_MOVE = YES;
				CLANG_WARN_UNREACHABLE_CODE = YES;
				CLANG_WARN__DUPLICATE_METHOD_MATCH = YES;
				"CODE_SIGN_IDENTITY[sdk=iphoneos*]" = "iPhone Developer";
				COPY_PHASE_STRIP = NO;
				DEBUG_INFORMATION_FORMAT = "dwarf-with-dsym";
				ENABLE_NS_ASSERTIONS = NO;
				ENABLE_STRICT_OBJC_MSGSEND = YES;
				GCC_C_LANGUAGE_STANDARD = gnu99;
				GCC_NO_COMMON_BLOCKS = YES;
				GCC_WARN_64_TO_32_BIT_CONVERSION = YES;
				GCC_WARN_ABOUT_RETURN_TYPE = YES_ERROR;
				GCC_WARN_UNDECLARED_SELECTOR = YES;
				GCC_WARN_UNINITIALIZED_AUTOS = YES_AGGRESSIVE;
				GCC_WARN_UNUSED_FUNCTION = YES;
				GCC_WARN_UNUSED_VARIABLE = YES;
				IPHONEOS_DEPLOYMENT_TARGET = 10.3;
				MTL_ENABLE_DEBUG_INFO = NO;
				SDKROOT = iphoneos;
				TARGETED_DEVICE_FAMILY = "1,2";
				VALIDATE_PRODUCT = YES;
			};
			name = Release;
		};
		EFC7BE831F1CCC8D0002DC1A /* Debug */ = {
			isa = XCBuildConfiguration;
			buildSettings = {
				ASSETCATALOG_COMPILER_APPICON_NAME = AppIcon;
				INFOPLIST_FILE = Demo/Info.plist;
				LD_RUNPATH_SEARCH_PATHS = "$(inherited) @executable_path/Frameworks";
				PRODUCT_BUNDLE_IDENTIFIER = com.LionNeo.www.Demo;
				PRODUCT_NAME = "$(TARGET_NAME)";
			};
			name = Debug;
		};
		EFC7BE841F1CCC8D0002DC1A /* Release */ = {
			isa = XCBuildConfiguration;
			buildSettings = {
				ASSETCATALOG_COMPILER_APPICON_NAME = AppIcon;
				INFOPLIST_FILE = Demo/Info.plist;
				LD_RUNPATH_SEARCH_PATHS = "$(inherited) @executable_path/Frameworks";
				PRODUCT_BUNDLE_IDENTIFIER = com.LionNeo.www.Demo;
				PRODUCT_NAME = "$(TARGET_NAME)";
			};
			name = Release;
		};
/* End XCBuildConfiguration section */

/* Begin XCConfigurationList section */
		EFC7BE661F1CCC8D0002DC1A /* Build configuration list for PBXProject "Demo" */ = {
			isa = XCConfigurationList;
			buildConfigurations = (
				EFC7BE801F1CCC8D0002DC1A /* Debug */,
				EFC7BE811F1CCC8D0002DC1A /* Release */,
			);
			defaultConfigurationIsVisible = 0;
			defaultConfigurationName = Release;
		};
		EFC7BE821F1CCC8D0002DC1A /* Build configuration list for PBXNativeTarget "Demo" */ = {
			isa = XCConfigurationList;
			buildConfigurations = (
				EFC7BE831F1CCC8D0002DC1A /* Debug */,
				EFC7BE841F1CCC8D0002DC1A /* Release */,
			);
			defaultConfigurationIsVisible = 0;
		};
/* End XCConfigurationList section */
	};
	rootObject = EFC7BE631F1CCC8D0002DC1A /* Project object */;
}
