// !$*UTF8*$!
{
	archiveVersion = 1;
	classes = {
	};
	objectVersion = 46;
	objects = {

/* Begin PBXBuildFile section */
		EFE74AEF1F1CD38400F6E91F /* main.m in Sources */ = {isa = PBXBuildFile; fileRef = EFE74AEE1F1CD38400F6E91F /* main.m */; };
		EFE74AF21F1CD38400F6E91F /* AppDelegate.m in Sources */ = {isa = PBXBuildFile; fileRef = EFE74AF11F1CD38400F6E91F /* AppDelegate.m */; };
		EFE74AF51F1CD38400F6E91F /* ViewController.m in Sources */ = {isa = PBXBuildFile; fileRef = EFE74AF41F1CD38400F6E91F /* ViewController.m */; };
		EFE74AF81F1CD38400F6E91F /* Main.storyboard in Resources */ = {isa = PBXBuildFile; fileRef = EFE74AF61F1CD38400F6E91F /* Main.storyboard */; };
		EFE74AFA1F1CD38400F6E91F /* Assets.xcassets in Resources */ = {isa = PBXBuildFile; fileRef = EFE74AF91F1CD38400F6E91F /* Assets.xcassets */; };
		EFE74AFD1F1CD38400F6E91F /* LaunchScreen.storyboard in Resources */ = {isa = PBXBuildFile; fileRef = EFE74AFB1F1CD38400F6E91F /* LaunchScreen.storyboard */; };
		EFE74B071F1CD39300F6E91F /* TTTAttributedLabel.m in Sources */ = {isa = PBXBuildFile; fileRef = EFE74B061F1CD39300F6E91F /* TTTAttributedLabel.m */; };
		EFE74B251F1CD39D00F6E91F /* LICENSE in Resources */ = {isa = PBXBuildFile; fileRef = EFE74B091F1CD39D00F6E91F /* LICENSE */; };
		EFE74B261F1CD39D00F6E91F /* MASCompositeConstraint.m in Sources */ = {isa = PBXBuildFile; fileRef = EFE74B0C1F1CD39D00F6E91F /* MASCompositeConstraint.m */; };
		EFE74B271F1CD39D00F6E91F /* MASConstraint.m in Sources */ = {isa = PBXBuildFile; fileRef = EFE74B0F1F1CD39D00F6E91F /* MASConstraint.m */; };
		EFE74B281F1CD39D00F6E91F /* MASConstraintMaker.m in Sources */ = {isa = PBXBuildFile; fileRef = EFE74B111F1CD39D00F6E91F /* MASConstraintMaker.m */; };
		EFE74B291F1CD39D00F6E91F /* MASLayoutConstraint.m in Sources */ = {isa = PBXBuildFile; fileRef = EFE74B131F1CD39D00F6E91F /* MASLayoutConstraint.m */; };
		EFE74B2A1F1CD39D00F6E91F /* MASViewAttribute.m in Sources */ = {isa = PBXBuildFile; fileRef = EFE74B171F1CD39D00F6E91F /* MASViewAttribute.m */; };
		EFE74B2B1F1CD39D00F6E91F /* MASViewConstraint.m in Sources */ = {isa = PBXBuildFile; fileRef = EFE74B191F1CD39D00F6E91F /* MASViewConstraint.m */; };
		EFE74B2C1F1CD39D00F6E91F /* NSArray+MASAdditions.m in Sources */ = {isa = PBXBuildFile; fileRef = EFE74B1B1F1CD39D00F6E91F /* NSArray+MASAdditions.m */; };
		EFE74B2D1F1CD39D00F6E91F /* NSLayoutConstraint+MASDebugAdditions.m in Sources */ = {isa = PBXBuildFile; fileRef = EFE74B1E1F1CD39D00F6E91F /* NSLayoutConstraint+MASDebugAdditions.m */; };
		EFE74B2E1F1CD39D00F6E91F /* View+MASAdditions.m in Sources */ = {isa = PBXBuildFile; fileRef = EFE74B201F1CD39D00F6E91F /* View+MASAdditions.m */; };
		EFE74B2F1F1CD39D00F6E91F /* ViewController+MASAdditions.m in Sources */ = {isa = PBXBuildFile; fileRef = EFE74B231F1CD39D00F6E91F /* ViewController+MASAdditions.m */; };
		EFE74B301F1CD39D00F6E91F /* README.md in Sources */ = {isa = PBXBuildFile; fileRef = EFE74B241F1CD39D00F6E91F /* README.md */; };
		EFE74B361F1CD3AD00F6E91F /* agree.png in Resources */ = {isa = PBXBuildFile; fileRef = EFE74B321F1CD3AD00F6E91F /* agree.png */; };
		EFE74B371F1CD3AD00F6E91F /* non_agree.png in Resources */ = {isa = PBXBuildFile; fileRef = EFE74B331F1CD3AD00F6E91F /* non_agree.png */; };
		EFE74B381F1CD3AD00F6E91F /* ProtocolLabel.m in Sources */ = {isa = PBXBuildFile; fileRef = EFE74B351F1CD3AD00F6E91F /* ProtocolLabel.m */; };
/* End PBXBuildFile section */

/* Begin PBXCopyFilesBuildPhase section */
		EF9358B81F1D0AC100B7A855 /* Embed Frameworks */ = {
			isa = PBXCopyFilesBuildPhase;
			buildActionMask = 2147483647;
			dstPath = "";
			dstSubfolderSpec = 10;
			files = (
			);
			name = "Embed Frameworks";
			runOnlyForDeploymentPostprocessing = 0;
		};
/* End PBXCopyFilesBuildPhase section */

/* Begin PBXFileReference section */
		EFE74AEA1F1CD38400F6E91F /* Demo.app */ = {isa = PBXFileReference; explicitFileType = wrapper.application; includeInIndex = 0; path = Demo.app; sourceTree = BUILT_PRODUCTS_DIR; };
		EFE74AEE1F1CD38400F6E91F /* main.m */ = {isa = PBXFileReference; lastKnownFileType = sourcecode.c.objc; path = main.m; sourceTree = "<group>"; };
		EFE74AF01F1CD38400F6E91F /* AppDelegate.h */ = {isa = PBXFileReference; lastKnownFileType = sourcecode.c.h; path = AppDelegate.h; sourceTree = "<group>"; };
		EFE74AF11F1CD38400F6E91F /* AppDelegate.m */ = {isa = PBXFileReference; lastKnownFileType = sourcecode.c.objc; path = AppDelegate.m; sourceTree = "<group>"; };
		EFE74AF31F1CD38400F6E91F /* ViewController.h */ = {isa = PBXFileReference; lastKnownFileType = sourcecode.c.h; path = ViewController.h; sourceTree = "<group>"; };
		EFE74AF41F1CD38400F6E91F /* ViewController.m */ = {isa = PBXFileReference; lastKnownFileType = sourcecode.c.objc; path = ViewController.m; sourceTree = "<group>"; };
		EFE74AF71F1CD38400F6E91F /* Base */ = {isa = PBXFileReference; lastKnownFileType = file.storyboard; name = Base; path = Base.lproj/Main.storyboard; sourceTree = "<group>"; };
		EFE74AF91F1CD38400F6E91F /* Assets.xcassets */ = {isa = PBXFileReference; lastKnownFileType = folder.assetcatalog; path = Assets.xcassets; sourceTree = "<group>"; };
		EFE74AFC1F1CD38400F6E91F /* Base */ = {isa = PBXFileReference; lastKnownFileType = file.storyboard; name = Base; path = Base.lproj/LaunchScreen.storyboard; sourceTree = "<group>"; };
		EFE74AFE1F1CD38400F6E91F /* Info.plist */ = {isa = PBXFileReference; lastKnownFileType = text.plist.xml; path = Info.plist; sourceTree = "<group>"; };
		EFE74B051F1CD39300F6E91F /* TTTAttributedLabel.h */ = {isa = PBXFileReference; fileEncoding = 4; lastKnownFileType = sourcecode.c.h; path = TTTAttributedLabel.h; sourceTree = "<group>"; };
		EFE74B061F1CD39300F6E91F /* TTTAttributedLabel.m */ = {isa = PBXFileReference; fileEncoding = 4; lastKnownFileType = sourcecode.c.objc; path = TTTAttributedLabel.m; sourceTree = "<group>"; };
		EFE74B091F1CD39D00F6E91F /* LICENSE */ = {isa = PBXFileReference; fileEncoding = 4; lastKnownFileType = text; path = LICENSE; sourceTree = "<group>"; };
		EFE74B0B1F1CD39D00F6E91F /* MASCompositeConstraint.h */ = {isa = PBXFileReference; fileEncoding = 4; lastKnownFileType = sourcecode.c.h; path = MASCompositeConstraint.h; sourceTree = "<group>"; };
		EFE74B0C1F1CD39D00F6E91F /* MASCompositeConstraint.m */ = {isa = PBXFileReference; fileEncoding = 4; lastKnownFileType = sourcecode.c.objc; path = MASCompositeConstraint.m; sourceTree = "<group>"; };
		EFE74B0D1F1CD39D00F6E91F /* MASConstraint+Private.h */ = {isa = PBXFileReference; fileEncoding = 4; lastKnownFileType = sourcecode.c.h; path = "MASConstraint+Private.h"; sourceTree = "<group>"; };
		EFE74B0E1F1CD39D00F6E91F /* MASConstraint.h */ = {isa = PBXFileReference; fileEncoding = 4; lastKnownFileType = sourcecode.c.h; path = MASConstraint.h; sourceTree = "<group>"; };
		EFE74B0F1F1CD39D00F6E91F /* MASConstraint.m */ = {isa = PBXFileReference; fileEncoding = 4; lastKnownFileType = sourcecode.c.objc; path = MASConstraint.m; sourceTree = "<group>"; };
		EFE74B101F1CD39D00F6E91F /* MASConstraintMaker.h */ = {isa = PBXFileReference; fileEncoding = 4; lastKnownFileType = sourcecode.c.h; path = MASConstraintMaker.h; sourceTree = "<group>"; };
		EFE74B111F1CD39D00F6E91F /* MASConstraintMaker.m */ = {isa = PBXFileReference; fileEncoding = 4; lastKnownFileType = sourcecode.c.objc; path = MASConstraintMaker.m; sourceTree = "<group>"; };
		EFE74B121F1CD39D00F6E91F /* MASLayoutConstraint.h */ = {isa = PBXFileReference; fileEncoding = 4; lastKnownFileType = sourcecode.c.h; path = MASLayoutConstraint.h; sourceTree = "<group>"; };
		EFE74B131F1CD39D00F6E91F /* MASLayoutConstraint.m */ = {isa = PBXFileReference; fileEncoding = 4; lastKnownFileType = sourcecode.c.objc; path = MASLayoutConstraint.m; sourceTree = "<group>"; };
		EFE74B141F1CD39D00F6E91F /* Masonry.h */ = {isa = PBXFileReference; fileEncoding = 4; lastKnownFileType = sourcecode.c.h; path = Masonry.h; sourceTree = "<group>"; };
		EFE74B151F1CD39D00F6E91F /* MASUtilities.h */ = {isa = PBXFileReference; fileEncoding = 4; lastKnownFileType = sourcecode.c.h; path = MASUtilities.h; sourceTree = "<group>"; };
		EFE74B161F1CD39D00F6E91F /* MASViewAttribute.h */ = {isa = PBXFileReference; fileEncoding = 4; lastKnownFileType = sourcecode.c.h; path = MASViewAttribute.h; sourceTree = "<group>"; };
		EFE74B171F1CD39D00F6E91F /* MASViewAttribute.m */ = {isa = PBXFileReference; fileEncoding = 4; lastKnownFileType = sourcecode.c.objc; path = MASViewAttribute.m; sourceTree = "<group>"; };
		EFE74B181F1CD39D00F6E91F /* MASViewConstraint.h */ = {isa = PBXFileReference; fileEncoding = 4; lastKnownFileType = sourcecode.c.h; path = MASViewConstraint.h; sourceTree = "<group>"; };
		EFE74B191F1CD39D00F6E91F /* MASViewConstraint.m */ = {isa = PBXFileReference; fileEncoding = 4; lastKnownFileType = sourcecode.c.objc; path = MASViewConstraint.m; sourceTree = "<group>"; };
		EFE74B1A1F1CD39D00F6E91F /* NSArray+MASAdditions.h */ = {isa = PBXFileReference; fileEncoding = 4; lastKnownFileType = sourcecode.c.h; path = "NSArray+MASAdditions.h"; sourceTree = "<group>"; };
		EFE74B1B1F1CD39D00F6E91F /* NSArray+MASAdditions.m */ = {isa = PBXFileReference; fileEncoding = 4; lastKnownFileType = sourcecode.c.objc; path = "NSArray+MASAdditions.m"; sourceTree = "<group>"; };
		EFE74B1C1F1CD39D00F6E91F /* NSArray+MASShorthandAdditions.h */ = {isa = PBXFileReference; fileEncoding = 4; lastKnownFileType = sourcecode.c.h; path = "NSArray+MASShorthandAdditions.h"; sourceTree = "<group>"; };
		EFE74B1D1F1CD39D00F6E91F /* NSLayoutConstraint+MASDebugAdditions.h */ = {isa = PBXFileReference; fileEncoding = 4; lastKnownFileType = sourcecode.c.h; path = "NSLayoutConstraint+MASDebugAdditions.h"; sourceTree = "<group>"; };
		EFE74B1E1F1CD39D00F6E91F /* NSLayoutConstraint+MASDebugAdditions.m */ = {isa = PBXFileReference; fileEncoding = 4; lastKnownFileType = sourcecode.c.objc; path = "NSLayoutConstraint+MASDebugAdditions.m"; sourceTree = "<group>"; };
		EFE74B1F1F1CD39D00F6E91F /* View+MASAdditions.h */ = {isa = PBXFileReference; fileEncoding = 4; lastKnownFileType = sourcecode.c.h; path = "View+MASAdditions.h"; sourceTree = "<group>"; };
		EFE74B201F1CD39D00F6E91F /* View+MASAdditions.m */ = {isa = PBXFileReference; fileEncoding = 4; lastKnownFileType = sourcecode.c.objc; path = "View+MASAdditions.m"; sourceTree = "<group>"; };
		EFE74B211F1CD39D00F6E91F /* View+MASShorthandAdditions.h */ = {isa = PBXFileReference; fileEncoding = 4; lastKnownFileType = sourcecode.c.h; path = "View+MASShorthandAdditions.h"; sourceTree = "<group>"; };
		EFE74B221F1CD39D00F6E91F /* ViewController+MASAdditions.h */ = {isa = PBXFileReference; fileEncoding = 4; lastKnownFileType = sourcecode.c.h; path = "ViewController+MASAdditions.h"; sourceTree = "<group>"; };
		EFE74B231F1CD39D00F6E91F /* ViewController+MASAdditions.m */ = {isa = PBXFileReference; fileEncoding = 4; lastKnownFileType = sourcecode.c.objc; path = "ViewController+MASAdditions.m"; sourceTree = "<group>"; };
		EFE74B241F1CD39D00F6E91F /* README.md */ = {isa = PBXFileReference; fileEncoding = 4; lastKnownFileType = net.daringfireball.markdown; path = README.md; sourceTree = "<group>"; };
		EFE74B321F1CD3AD00F6E91F /* agree.png */ = {isa = PBXFileReference; lastKnownFileType = image.png; path = agree.png; sourceTree = "<group>"; };
		EFE74B331F1CD3AD00F6E91F /* non_agree.png */ = {isa = PBXFileReference; lastKnownFileType = image.png; path = non_agree.png; sourceTree = "<group>"; };
		EFE74B341F1CD3AD00F6E91F /* ProtocolLabel.h */ = {isa = PBXFileReference; fileEncoding = 4; lastKnownFileType = sourcecode.c.h; path = ProtocolLabel.h; sourceTree = "<group>"; };
		EFE74B351F1CD3AD00F6E91F /* ProtocolLabel.m */ = {isa = PBXFileReference; fileEncoding = 4; lastKnownFileType = sourcecode.c.objc; path = ProtocolLabel.m; sourceTree = "<group>"; };
/* End PBXFileReference section */

/* Begin PBXFrameworksBuildPhase section */
		EFE74AE71F1CD38400F6E91F /* Frameworks */ = {
			isa = PBXFrameworksBuildPhase;
			buildActionMask = 2147483647;
			files = (
			);
			runOnlyForDeploymentPostprocessing = 0;
		};
/* End PBXFrameworksBuildPhase section */

/* Begin PBXGroup section */
		EFE74AE11F1CD38400F6E91F = {
			isa = PBXGroup;
			children = (
				EFE74B311F1CD3AD00F6E91F /* LNLabel */,
				EFE74B081F1CD39D00F6E91F /* Masonry */,
				EFE74B041F1CD39300F6E91F /* TTTAttributedLabel */,
				EFE74AEC1F1CD38400F6E91F /* Demo */,
				EFE74AEB1F1CD38400F6E91F /* Products */,
			);
			sourceTree = "<group>";
		};
		EFE74AEB1F1CD38400F6E91F /* Products */ = {
			isa = PBXGroup;
			children = (
				EFE74AEA1F1CD38400F6E91F /* Demo.app */,
			);
			name = Products;
			sourceTree = "<group>";
		};
		EFE74AEC1F1CD38400F6E91F /* Demo */ = {
			isa = PBXGroup;
			children = (
				EFE74AF01F1CD38400F6E91F /* AppDelegate.h */,
				EFE74AF11F1CD38400F6E91F /* AppDelegate.m */,
				EFE74AF31F1CD38400F6E91F /* ViewController.h */,
				EFE74AF41F1CD38400F6E91F /* ViewController.m */,
				EFE74AF61F1CD38400F6E91F /* Main.storyboard */,
				EFE74AF91F1CD38400F6E91F /* Assets.xcassets */,
				EFE74AFB1F1CD38400F6E91F /* LaunchScreen.storyboard */,
				EFE74AFE1F1CD38400F6E91F /* Info.plist */,
				EFE74AED1F1CD38400F6E91F /* Supporting Files */,
			);
			path = Demo;
			sourceTree = "<group>";
		};
		EFE74AED1F1CD38400F6E91F /* Supporting Files */ = {
			isa = PBXGroup;
			children = (
				EFE74AEE1F1CD38400F6E91F /* main.m */,
			);
			name = "Supporting Files";
			sourceTree = "<group>";
		};
		EFE74B041F1CD39300F6E91F /* TTTAttributedLabel */ = {
			isa = PBXGroup;
			children = (
				EFE74B051F1CD39300F6E91F /* TTTAttributedLabel.h */,
				EFE74B061F1CD39300F6E91F /* TTTAttributedLabel.m */,
			);
			path = TTTAttributedLabel;
			sourceTree = "<group>";
		};
		EFE74B081F1CD39D00F6E91F /* Masonry */ = {
			isa = PBXGroup;
			children = (
				EFE74B091F1CD39D00F6E91F /* LICENSE */,
				EFE74B0A1F1CD39D00F6E91F /* Masonry */,
				EFE74B241F1CD39D00F6E91F /* README.md */,
			);
			path = Masonry;
			sourceTree = "<group>";
		};
		EFE74B0A1F1CD39D00F6E91F /* Masonry */ = {
			isa = PBXGroup;
			children = (
				EFE74B0B1F1CD39D00F6E91F /* MASCompositeConstraint.h */,
				EFE74B0C1F1CD39D00F6E91F /* MASCompositeConstraint.m */,
				EFE74B0D1F1CD39D00F6E91F /* MASConstraint+Private.h */,
				EFE74B0E1F1CD39D00F6E91F /* MASConstraint.h */,
				EFE74B0F1F1CD39D00F6E91F /* MASConstraint.m */,
				EFE74B101F1CD39D00F6E91F /* MASConstraintMaker.h */,
				EFE74B111F1CD39D00F6E91F /* MASConstraintMaker.m */,
				EFE74B121F1CD39D00F6E91F /* MASLayoutConstraint.h */,
				EFE74B131F1CD39D00F6E91F /* MASLayoutConstraint.m */,
				EFE74B141F1CD39D00F6E91F /* Masonry.h */,
				EFE74B151F1CD39D00F6E91F /* MASUtilities.h */,
				EFE74B161F1CD39D00F6E91F /* MASViewAttribute.h */,
				EFE74B171F1CD39D00F6E91F /* MASViewAttribute.m */,
				EFE74B181F1CD39D00F6E91F /* MASViewConstraint.h */,
				EFE74B191F1CD39D00F6E91F /* MASViewConstraint.m */,
				EFE74B1A1F1CD39D00F6E91F /* NSArray+MASAdditions.h */,
				EFE74B1B1F1CD39D00F6E91F /* NSArray+MASAdditions.m */,
				EFE74B1C1F1CD39D00F6E91F /* NSArray+MASShorthandAdditions.h */,
				EFE74B1D1F1CD39D00F6E91F /* NSLayoutConstraint+MASDebugAdditions.h */,
				EFE74B1E1F1CD39D00F6E91F /* NSLayoutConstraint+MASDebugAdditions.m */,
				EFE74B1F1F1CD39D00F6E91F /* View+MASAdditions.h */,
				EFE74B201F1CD39D00F6E91F /* View+MASAdditions.m */,
				EFE74B211F1CD39D00F6E91F /* View+MASShorthandAdditions.h */,
				EFE74B221F1CD39D00F6E91F /* ViewController+MASAdditions.h */,
				EFE74B231F1CD39D00F6E91F /* ViewController+MASAdditions.m */,
			);
			path = Masonry;
			sourceTree = "<group>";
		};
		EFE74B311F1CD3AD00F6E91F /* LNLabel */ = {
			isa = PBXGroup;
			children = (
				EFE74B321F1CD3AD00F6E91F /* agree.png */,
				EFE74B331F1CD3AD00F6E91F /* non_agree.png */,
				EFE74B341F1CD3AD00F6E91F /* ProtocolLabel.h */,
				EFE74B351F1CD3AD00F6E91F /* ProtocolLabel.m */,
			);
			path = LNLabel;
			sourceTree = "<group>";
		};
/* End PBXGroup section */

/* Begin PBXNativeTarget section */
		EFE74AE91F1CD38400F6E91F /* Demo */ = {
			isa = PBXNativeTarget;
			buildConfigurationList = EFE74B011F1CD38400F6E91F /* Build configuration list for PBXNativeTarget "Demo" */;
			buildPhases = (
				EFE74AE61F1CD38400F6E91F /* Sources */,
				EFE74AE71F1CD38400F6E91F /* Frameworks */,
				EFE74AE81F1CD38400F6E91F /* Resources */,
				EF9358B81F1D0AC100B7A855 /* Embed Frameworks */,
			);
			buildRules = (
			);
			dependencies = (
			);
			name = Demo;
			productName = Demo;
			productReference = EFE74AEA1F1CD38400F6E91F /* Demo.app */;
			productType = "com.apple.product-type.application";
		};
/* End PBXNativeTarget section */

/* Begin PBXProject section */
		EFE74AE21F1CD38400F6E91F /* Project object */ = {
			isa = PBXProject;
			attributes = {
				LastUpgradeCheck = 0830;
				ORGANIZATIONNAME = "Lion•Neo";
				TargetAttributes = {
					EFE74AE91F1CD38400F6E91F = {
						CreatedOnToolsVersion = 8.3.3;
						ProvisioningStyle = Automatic;
					};
				};
			};
			buildConfigurationList = EFE74AE51F1CD38400F6E91F /* Build configuration list for PBXProject "Demo" */;
			compatibilityVersion = "Xcode 3.2";
			developmentRegion = English;
			hasScannedForEncodings = 0;
			knownRegions = (
				en,
				Base,
			);
			mainGroup = EFE74AE11F1CD38400F6E91F;
			productRefGroup = EFE74AEB1F1CD38400F6E91F /* Products */;
			projectDirPath = "";
			projectRoot = "";
			targets = (
				EFE74AE91F1CD38400F6E91F /* Demo */,
			);
		};
/* End PBXProject section */

/* Begin PBXResourcesBuildPhase section */
		EFE74AE81F1CD38400F6E91F /* Resources */ = {
			isa = PBXResourcesBuildPhase;
			buildActionMask = 2147483647;
			files = (
				EFE74B371F1CD3AD00F6E91F /* non_agree.png in Resources */,
				EFE74B361F1CD3AD00F6E91F /* agree.png in Resources */,
				EFE74AFD1F1CD38400F6E91F /* LaunchScreen.storyboard in Resources */,
				EFE74AFA1F1CD38400F6E91F /* Assets.xcassets in Resources */,
				EFE74B251F1CD39D00F6E91F /* LICENSE in Resources */,
				EFE74AF81F1CD38400F6E91F /* Main.storyboard in Resources */,
			);
			runOnlyForDeploymentPostprocessing = 0;
		};
/* End PBXResourcesBuildPhase section */

/* Begin PBXSourcesBuildPhase section */
		EFE74AE61F1CD38400F6E91F /* Sources */ = {
			isa = PBXSourcesBuildPhase;
			buildActionMask = 2147483647;
			files = (
				EFE74B281F1CD39D00F6E91F /* MASConstraintMaker.m in Sources */,
				EFE74AF51F1CD38400F6E91F /* ViewController.m in Sources */,
				EFE74AF21F1CD38400F6E91F /* AppDelegate.m in Sources */,
				EFE74B271F1CD39D00F6E91F /* MASConstraint.m in Sources */,
				EFE74B2F1F1CD39D00F6E91F /* ViewController+MASAdditions.m in Sources */,
				EFE74B291F1CD39D00F6E91F /* MASLayoutConstraint.m in Sources */,
				EFE74B2C1F1CD39D00F6E91F /* NSArray+MASAdditions.m in Sources */,
				EFE74B2B1F1CD39D00F6E91F /* MASViewConstraint.m in Sources */,
				EFE74B2A1F1CD39D00F6E91F /* MASViewAttribute.m in Sources */,
				EFE74B2E1F1CD39D00F6E91F /* View+MASAdditions.m in Sources */,
				EFE74AEF1F1CD38400F6E91F /* main.m in Sources */,
				EFE74B071F1CD39300F6E91F /* TTTAttributedLabel.m in Sources */,
				EFE74B381F1CD3AD00F6E91F /* ProtocolLabel.m in Sources */,
				EFE74B301F1CD39D00F6E91F /* README.md in Sources */,
				EFE74B261F1CD39D00F6E91F /* MASCompositeConstraint.m in Sources */,
				EFE74B2D1F1CD39D00F6E91F /* NSLayoutConstraint+MASDebugAdditions.m in Sources */,
			);
			runOnlyForDeploymentPostprocessing = 0;
		};
/* End PBXSourcesBuildPhase section */

/* Begin PBXVariantGroup section */
		EFE74AF61F1CD38400F6E91F /* Main.storyboard */ = {
			isa = PBXVariantGroup;
			children = (
				EFE74AF71F1CD38400F6E91F /* Base */,
			);
			name = Main.storyboard;
			sourceTree = "<group>";
		};
		EFE74AFB1F1CD38400F6E91F /* LaunchScreen.storyboard */ = {
			isa = PBXVariantGroup;
			children = (
				EFE74AFC1F1CD38400F6E91F /* Base */,
			);
			name = LaunchScreen.storyboard;
			sourceTree = "<group>";
		};
/* End PBXVariantGroup section */

/* Begin XCBuildConfiguration section */
		EFE74AFF1F1CD38400F6E91F /* Debug */ = {
			isa = XCBuildConfiguration;
			buildSettings = {
				ALWAYS_SEARCH_USER_PATHS = NO;
				CLANG_ANALYZER_NONNULL = YES;
				CLANG_ANALYZER_NUMBER_OBJECT_CONVERSION = YES_AGGRESSIVE;
				CLANG_CXX_LANGUAGE_STANDARD = "gnu++0x";
				CLANG_CXX_LIBRARY = "libc++";
				CLANG_ENABLE_MODULES = YES;
				CLANG_ENABLE_OBJC_ARC = YES;
				CLANG_WARN_BOOL_CONVERSION = YES;
				CLANG_WARN_CONSTANT_CONVERSION = YES;
				CLANG_WARN_DIRECT_OBJC_ISA_USAGE = YES_ERROR;
				CLANG_WARN_DOCUMENTATION_COMMENTS = YES;
				CLANG_WARN_EMPTY_BODY = YES;
				CLANG_WARN_ENUM_CONVERSION = YES;
				CLANG_WARN_INFINITE_RECURSION = YES;
				CLANG_WARN_INT_CONVERSION = YES;
				CLANG_WARN_OBJC_ROOT_CLASS = YES_ERROR;
				CLANG_WARN_SUSPICIOUS_MOVE = YES;
				CLANG_WARN_UNREACHABLE_CODE = YES;
				CLANG_WARN__DUPLICATE_METHOD_MATCH = YES;
				"CODE_SIGN_IDENTITY[sdk=iphoneos*]" = "iPhone Developer";
				COPY_PHASE_STRIP = NO;
				DEBUG_INFORMATION_FORMAT = dwarf;
				ENABLE_STRICT_OBJC_MSGSEND = YES;
				ENABLE_TESTABILITY = YES;
				GCC_C_LANGUAGE_STANDARD = gnu99;
				GCC_DYNAMIC_NO_PIC = NO;
				GCC_NO_COMMON_BLOCKS = YES;
				GCC_OPTIMIZATION_LEVEL = 0;
				GCC_PREPROCESSOR_DEFINITIONS = (
					"DEBUG=1",
					"$(inherited)",
				);
				GCC_WARN_64_TO_32_BIT_CONVERSION = YES;
				GCC_WARN_ABOUT_RETURN_TYPE = YES_ERROR;
				GCC_WARN_UNDECLARED_SELECTOR = YES;
				GCC_WARN_UNINITIALIZED_AUTOS = YES_AGGRESSIVE;
				GCC_WARN_UNUSED_FUNCTION = YES;
				GCC_WARN_UNUSED_VARIABLE = YES;
				IPHONEOS_DEPLOYMENT_TARGET = 10.3;
				MTL_ENABLE_DEBUG_INFO = YES;
				ONLY_ACTIVE_ARCH = YES;
				SDKROOT = iphoneos;
				TARGETED_DEVICE_FAMILY = "1,2";
			};
			name = Debug;
		};
		EFE74B001F1CD38400F6E91F /* Release */ = {
			isa = XCBuildConfiguration;
			buildSettings = {
				ALWAYS_SEARCH_USER_PATHS = NO;
				CLANG_ANALYZER_NONNULL = YES;
				CLANG_ANALYZER_NUMBER_OBJECT_CONVERSION = YES_AGGRESSIVE;
				CLANG_CXX_LANGUAGE_STANDARD = "gnu++0x";
				CLANG_CXX_LIBRARY = "libc++";
				CLANG_ENABLE_MODULES = YES;
				CLANG_ENABLE_OBJC_ARC = YES;
				CLANG_WARN_BOOL_CONVERSION = YES;
				CLANG_WARN_CONSTANT_CONVERSION = YES;
				CLANG_WARN_DIRECT_OBJC_ISA_USAGE = YES_ERROR;
				CLANG_WARN_DOCUMENTATION_COMMENTS = YES;
				CLANG_WARN_EMPTY_BODY = YES;
				CLANG_WARN_ENUM_CONVERSION = YES;
				CLANG_WARN_INFINITE_RECURSION = YES;
				CLANG_WARN_INT_CONVERSION = YES;
				CLANG_WARN_OBJC_ROOT_CLASS = YES_ERROR;
				CLANG_WARN_SUSPICIOUS_MOVE = YES;
				CLANG_WARN_UNREACHABLE_CODE = YES;
				CLANG_WARN__DUPLICATE_METHOD_MATCH = YES;
				"CODE_SIGN_IDENTITY[sdk=iphoneos*]" = "iPhone Developer";
				COPY_PHASE_STRIP = NO;
				DEBUG_INFORMATION_FORMAT = "dwarf-with-dsym";
				ENABLE_NS_ASSERTIONS = NO;
				ENABLE_STRICT_OBJC_MSGSEND = YES;
				GCC_C_LANGUAGE_STANDARD = gnu99;
				GCC_NO_COMMON_BLOCKS = YES;
				GCC_WARN_64_TO_32_BIT_CONVERSION = YES;
				GCC_WARN_ABOUT_RETURN_TYPE = YES_ERROR;
				GCC_WARN_UNDECLARED_SELECTOR = YES;
				GCC_WARN_UNINITIALIZED_AUTOS = YES_AGGRESSIVE;
				GCC_WARN_UNUSED_FUNCTION = YES;
				GCC_WARN_UNUSED_VARIABLE = YES;
				IPHONEOS_DEPLOYMENT_TARGET = 10.3;
				MTL_ENABLE_DEBUG_INFO = NO;
				SDKROOT = iphoneos;
				TARGETED_DEVICE_FAMILY = "1,2";
				VALIDATE_PRODUCT = YES;
			};
			name = Release;
		};
		EFE74B021F1CD38400F6E91F /* Debug */ = {
			isa = XCBuildConfiguration;
			buildSettings = {
				ASSETCATALOG_COMPILER_APPICON_NAME = AppIcon;
				INFOPLIST_FILE = Demo/Info.plist;
				LD_RUNPATH_SEARCH_PATHS = "$(inherited) @executable_path/Frameworks";
				PRODUCT_BUNDLE_IDENTIFIER = com.LionNeo.www.Demo;
				PRODUCT_NAME = "$(TARGET_NAME)";
			};
			name = Debug;
		};
		EFE74B031F1CD38400F6E91F /* Release */ = {
			isa = XCBuildConfiguration;
			buildSettings = {
				ASSETCATALOG_COMPILER_APPICON_NAME = AppIcon;
				INFOPLIST_FILE = Demo/Info.plist;
				LD_RUNPATH_SEARCH_PATHS = "$(inherited) @executable_path/Frameworks";
				PRODUCT_BUNDLE_IDENTIFIER = com.LionNeo.www.Demo;
				PRODUCT_NAME = "$(TARGET_NAME)";
			};
			name = Release;
		};
/* End XCBuildConfiguration section */

/* Begin XCConfigurationList section */
		EFE74AE51F1CD38400F6E91F /* Build configuration list for PBXProject "Demo" */ = {
			isa = XCConfigurationList;
			buildConfigurations = (
				EFE74AFF1F1CD38400F6E91F /* Debug */,
				EFE74B001F1CD38400F6E91F /* Release */,
			);
			defaultConfigurationIsVisible = 0;
			defaultConfigurationName = Release;
		};
		EFE74B011F1CD38400F6E91F /* Build configuration list for PBXNativeTarget "Demo" */ = {
			isa = XCConfigurationList;
			buildConfigurations = (
				EFE74B021F1CD38400F6E91F /* Debug */,
				EFE74B031F1CD38400F6E91F /* Release */,
			);
			defaultConfigurationIsVisible = 0;
			defaultConfigurationName = Release;
		};
/* End XCConfigurationList section */
	};
	rootObject = EFE74AE21F1CD38400F6E91F /* Project object */;
}
